
Microsoft Visual Studio Solution File, Format Version 12.00
# Visual Studio Version 16
VisualStudioVersion = 16.0.30804.86
MinimumVisualStudioVersion = 10.0.40219.1
Project("{00D1A9C2-B5F0-4AF3-8072-F6C62B433612}") = "Database", "Database\Database.sqlproj", "{5D30F147-D5D4-4A0C-9AFF-C3061C6C3C1C}"
EndProject
Global
	GlobalSection(SolutionConfigurationPlatforms) = preSolution
		Debug|Any CPU = Debug|Any CPU
		Release|Any CPU = Release|Any CPU
	EndGlobalSection
	GlobalSection(ProjectConfigurationPlatforms) = postSolution
		{5D30F147-D5D4-4A0C-9AFF-C3061C6C3C1C}.Debug|Any CPU.ActiveCfg = Debug|Any CPU
		{5D30F147-D5D4-4A0C-9AFF-C3061C6C3C1C}.Debug|Any CPU.Build.0 = Debug|Any CPU
		{5D30F147-D5D4-4A0C-9AFF-C3061C6C3C1C}.Debug|Any CPU.Deploy.0 = Debug|Any CPU
		{5D30F147-D5D4-4A0C-9AFF-C3061C6C3C1C}.Release|Any CPU.ActiveCfg = Release|Any CPU
		{5D30F147-D5D4-4A0C-9AFF-C3061C6C3C1C}.Release|Any CPU.Build.0 = Release|Any CPU
		{5D30F147-D5D4-4A0C-9AFF-C3061C6C3C1C}.Release|Any CPU.Deploy.0 = Release|Any CPU
	EndGlobalSection
	GlobalSection(SolutionProperties) = preSolution
		HideSolutionNode = FALSE
	EndGlobalSection
	GlobalSection(ExtensibilityGlobals) = postSolution
		SolutionGuid = {D2D01E7A-8E98-4800-B8EB-8FD1262C8775}
	EndGlobalSection
EndGlobal
